
Microsoft Visual Studio Solution File, Format Version 12.00
# Visual Studio Version 17
VisualStudioVersion = 17.10.35122.118
MinimumVisualStudioVersion = 10.0.40219.1
Project("{FAE04EC0-301F-11D3-BF4B-00C04F79EFBC}") = "ControlAcademico", "ControlAcademico.csproj", "{C9389093-C038-4C24-A895-6535A182FFEE}"
EndProject
Global
	GlobalSection(SolutionConfigurationPlatforms) = preSolution
		Debug|Any CPU = Debug|Any CPU
		Release|Any CPU = Release|Any CPU
	EndGlobalSection
	GlobalSection(ProjectConfigurationPlatforms) = postSolution
		{C9389093-C038-4C24-A895-6535A182FFEE}.Debug|Any CPU.ActiveCfg = Debug|Any CPU
		{C9389093-C038-4C24-A895-6535A182FFEE}.Debug|Any CPU.Build.0 = Debug|Any CPU
		{C9389093-C038-4C24-A895-6535A182FFEE}.Release|Any CPU.ActiveCfg = Release|Any CPU
		{C9389093-C038-4C24-A895-6535A182FFEE}.Release|Any CPU.Build.0 = Release|Any CPU
	EndGlobalSection
	GlobalSection(SolutionProperties) = preSolution
		HideSolutionNode = FALSE
	EndGlobalSection
	GlobalSection(ExtensibilityGlobals) = postSolution
		SolutionGuid = {2A488696-5FF8-48EF-A38B-96801B84B6D7}
	EndGlobalSection
EndGlobal
